
Microsoft Visual Studio Solution File, Format Version 12.00
# Visual Studio Version 17
VisualStudioVersion = 17.0.31903.59
MinimumVisualStudioVersion = 10.0.40219.1
Project("{FAE04EC0-301F-11D3-BF4B-00C04F79EFBC}") = "Publisher.API", "Publisher.API\Publisher.API.csproj", "{C85D4B99-6251-48DE-ACCE-CB526140EB94}"
EndProject
Project("{FAE04EC0-301F-11D3-BF4B-00C04F79EFBC}") = "Subscriber.API", "Subscriber.API\Subscriber.API.csproj", "{D4ACA83F-633E-4379-9704-3200A1A92167}"
EndProject
Project("{FAE04EC0-301F-11D3-BF4B-00C04F79EFBC}") = "Shared.Contracts", "Shared.Contracts\Shared.Contracts.csproj", "{3B5D27A9-C5D8-4F71-A2CA-DDAAA673BAA1}"
EndProject
Global
	GlobalSection(SolutionConfigurationPlatforms) = preSolution
		Debug|Any CPU = Debug|Any CPU
		Release|Any CPU = Release|Any CPU
	EndGlobalSection
	GlobalSection(SolutionProperties) = preSolution
		HideSolutionNode = FALSE
	EndGlobalSection
	GlobalSection(ProjectConfigurationPlatforms) = postSolution
		{C85D4B99-6251-48DE-ACCE-CB526140EB94}.Debug|Any CPU.ActiveCfg = Debug|Any CPU
		{C85D4B99-6251-48DE-ACCE-CB526140EB94}.Debug|Any CPU.Build.0 = Debug|Any CPU
		{C85D4B99-6251-48DE-ACCE-CB526140EB94}.Release|Any CPU.ActiveCfg = Release|Any CPU
		{C85D4B99-6251-48DE-ACCE-CB526140EB94}.Release|Any CPU.Build.0 = Release|Any CPU
		{D4ACA83F-633E-4379-9704-3200A1A92167}.Debug|Any CPU.ActiveCfg = Debug|Any CPU
		{D4ACA83F-633E-4379-9704-3200A1A92167}.Debug|Any CPU.Build.0 = Debug|Any CPU
		{D4ACA83F-633E-4379-9704-3200A1A92167}.Release|Any CPU.ActiveCfg = Release|Any CPU
		{D4ACA83F-633E-4379-9704-3200A1A92167}.Release|Any CPU.Build.0 = Release|Any CPU
		{3B5D27A9-C5D8-4F71-A2CA-DDAAA673BAA1}.Debug|Any CPU.ActiveCfg = Debug|Any CPU
		{3B5D27A9-C5D8-4F71-A2CA-DDAAA673BAA1}.Debug|Any CPU.Build.0 = Debug|Any CPU
		{3B5D27A9-C5D8-4F71-A2CA-DDAAA673BAA1}.Release|Any CPU.ActiveCfg = Release|Any CPU
		{3B5D27A9-C5D8-4F71-A2CA-DDAAA673BAA1}.Release|Any CPU.Build.0 = Release|Any CPU
	EndGlobalSection
EndGlobal
